
Microsoft Visual Studio Solution File, Format Version 12.00
Project("{FAE04EC0-301F-11D3-BF4B-00C04F79EFBC}") = "Auctioneer", "Auctioneer\Auctioneer.csproj", "{139EA221-6735-4605-BA28-7532EA28CAEB}"
EndProject
Project("{FAE04EC0-301F-11D3-BF4B-00C04F79EFBC}") = "ECommons", "ECommons\ECommons\ECommons.csproj", "{68BE9E95-6E09-4486-847A-B2F523C4337E}"
EndProject
Global
	GlobalSection(SolutionConfigurationPlatforms) = preSolution
		Debug|Any CPU = Debug|Any CPU
		Release|Any CPU = Release|Any CPU
	EndGlobalSection
	GlobalSection(ProjectConfigurationPlatforms) = postSolution
		{139EA221-6735-4605-BA28-7532EA28CAEB}.Debug|Any CPU.ActiveCfg = Debug|Any CPU
		{139EA221-6735-4605-BA28-7532EA28CAEB}.Debug|Any CPU.Build.0 = Debug|Any CPU
		{139EA221-6735-4605-BA28-7532EA28CAEB}.Release|Any CPU.ActiveCfg = Release|Any CPU
		{139EA221-6735-4605-BA28-7532EA28CAEB}.Release|Any CPU.Build.0 = Release|Any CPU
		{68BE9E95-6E09-4486-847A-B2F523C4337E}.Debug|Any CPU.ActiveCfg = Debug|x64
		{68BE9E95-6E09-4486-847A-B2F523C4337E}.Debug|Any CPU.Build.0 = Debug|x64
		{68BE9E95-6E09-4486-847A-B2F523C4337E}.Release|Any CPU.ActiveCfg = Release|x64
		{68BE9E95-6E09-4486-847A-B2F523C4337E}.Release|Any CPU.Build.0 = Release|x64
	EndGlobalSection
EndGlobal
